
Microsoft Visual Studio Solution File, Format Version 12.00
# Visual Studio Version 17
VisualStudioVersion = 17.6.33712.159
MinimumVisualStudioVersion = 10.0.40219.1
Project("{FAE04EC0-301F-11D3-BF4B-00C04F79EFBC}") = "TrabalhoFinalCursoApex", "TrabalhoFinalCursoApex\TrabalhoFinalCursoApex.csproj", "{A7B6A685-E10E-4CA3-A101-261CC2FFDCE5}"
EndProject
Global
	GlobalSection(SolutionConfigurationPlatforms) = preSolution
		Debug|Any CPU = Debug|Any CPU
		Release|Any CPU = Release|Any CPU
	EndGlobalSection
	GlobalSection(ProjectConfigurationPlatforms) = postSolution
		{A7B6A685-E10E-4CA3-A101-261CC2FFDCE5}.Debug|Any CPU.ActiveCfg = Debug|Any CPU
		{A7B6A685-E10E-4CA3-A101-261CC2FFDCE5}.Debug|Any CPU.Build.0 = Debug|Any CPU
		{A7B6A685-E10E-4CA3-A101-261CC2FFDCE5}.Release|Any CPU.ActiveCfg = Release|Any CPU
		{A7B6A685-E10E-4CA3-A101-261CC2FFDCE5}.Release|Any CPU.Build.0 = Release|Any CPU
	EndGlobalSection
	GlobalSection(SolutionProperties) = preSolution
		HideSolutionNode = FALSE
	EndGlobalSection
	GlobalSection(ExtensibilityGlobals) = postSolution
		SolutionGuid = {B8A66943-D492-4947-A882-3A60926F3279}
	EndGlobalSection
EndGlobal
